// !$*UTF8*$!
{
	archiveVersion = 1;
	classes = {
	};
	objectVersion = 56;
	objects = {

/* Begin PBXBuildFile section */
		8586A4C42A05C84700A60CA2 /* AppDelegate.swift in Sources */ = {isa = PBXBuildFile; fileRef = 8586A4C32A05C84700A60CA2 /* AppDelegate.swift */; };
		8586A4C62A05C84700A60CA2 /* SceneDelegate.swift in Sources */ = {isa = PBXBuildFile; fileRef = 8586A4C52A05C84700A60CA2 /* SceneDelegate.swift */; };
		8586A4C82A05C84700A60CA2 /* GameViewController.swift in Sources */ = {isa = PBXBuildFile; fileRef = 8586A4C72A05C84700A60CA2 /* GameViewController.swift */; };
		8586A4CD2A05C84900A60CA2 /* Assets.xcassets in Resources */ = {isa = PBXBuildFile; fileRef = 8586A4CC2A05C84900A60CA2 /* Assets.xcassets */; };
		8586A4D02A05C84900A60CA2 /* LaunchScreen.storyboard in Resources */ = {isa = PBXBuildFile; fileRef = 8586A4CE2A05C84900A60CA2 /* LaunchScreen.storyboard */; };
		8586A4DA2A05C91600A60CA2 /* WelcomeScreenController.swift in Sources */ = {isa = PBXBuildFile; fileRef = 8586A4D92A05C91600A60CA2 /* WelcomeScreenController.swift */; };
		8586A4E02A05CB2500A60CA2 /* GamePresenter.swift in Sources */ = {isa = PBXBuildFile; fileRef = 8586A4DF2A05CB2500A60CA2 /* GamePresenter.swift */; };
		8586A4E22A05DE1400A60CA2 /* GameModuleBuilder.swift in Sources */ = {isa = PBXBuildFile; fileRef = 8586A4E12A05DE1400A60CA2 /* GameModuleBuilder.swift */; };
		8586A4E82A067ABA00A60CA2 /* Constants.swift in Sources */ = {isa = PBXBuildFile; fileRef = 8586A4E72A067ABA00A60CA2 /* Constants.swift */; };
		8586A4EA2A067D1600A60CA2 /* GameCell.swift in Sources */ = {isa = PBXBuildFile; fileRef = 8586A4E92A067D1600A60CA2 /* GameCell.swift */; };
		8586A4EC2A06DC4A00A60CA2 /* GameModel.swift in Sources */ = {isa = PBXBuildFile; fileRef = 8586A4EB2A06DC4A00A60CA2 /* GameModel.swift */; };
/* End PBXBuildFile section */

/* Begin PBXFileReference section */
		8586A4C02A05C84700A60CA2 /* Tic-tac-toe-game.app */ = {isa = PBXFileReference; explicitFileType = wrapper.application; includeInIndex = 0; path = "Tic-tac-toe-game.app"; sourceTree = BUILT_PRODUCTS_DIR; };
		8586A4C32A05C84700A60CA2 /* AppDelegate.swift */ = {isa = PBXFileReference; lastKnownFileType = sourcecode.swift; path = AppDelegate.swift; sourceTree = "<group>"; };
		8586A4C52A05C84700A60CA2 /* SceneDelegate.swift */ = {isa = PBXFileReference; lastKnownFileType = sourcecode.swift; path = SceneDelegate.swift; sourceTree = "<group>"; };
		8586A4C72A05C84700A60CA2 /* GameViewController.swift */ = {isa = PBXFileReference; lastKnownFileType = sourcecode.swift; path = GameViewController.swift; sourceTree = "<group>"; };
		8586A4CC2A05C84900A60CA2 /* Assets.xcassets */ = {isa = PBXFileReference; lastKnownFileType = folder.assetcatalog; path = Assets.xcassets; sourceTree = "<group>"; };
		8586A4CF2A05C84900A60CA2 /* Base */ = {isa = PBXFileReference; lastKnownFileType = file.storyboard; name = Base; path = Base.lproj/LaunchScreen.storyboard; sourceTree = "<group>"; };
		8586A4D12A05C84900A60CA2 /* Info.plist */ = {isa = PBXFileReference; lastKnownFileType = text.plist.xml; path = Info.plist; sourceTree = "<group>"; };
		8586A4D92A05C91600A60CA2 /* WelcomeScreenController.swift */ = {isa = PBXFileReference; lastKnownFileType = sourcecode.swift; path = WelcomeScreenController.swift; sourceTree = "<group>"; };
		8586A4DF2A05CB2500A60CA2 /* GamePresenter.swift */ = {isa = PBXFileReference; lastKnownFileType = sourcecode.swift; path = GamePresenter.swift; sourceTree = "<group>"; };
		8586A4E12A05DE1400A60CA2 /* GameModuleBuilder.swift */ = {isa = PBXFileReference; lastKnownFileType = sourcecode.swift; path = GameModuleBuilder.swift; sourceTree = "<group>"; };
		8586A4E72A067ABA00A60CA2 /* Constants.swift */ = {isa = PBXFileReference; lastKnownFileType = sourcecode.swift; path = Constants.swift; sourceTree = "<group>"; };
		8586A4E92A067D1600A60CA2 /* GameCell.swift */ = {isa = PBXFileReference; lastKnownFileType = sourcecode.swift; path = GameCell.swift; sourceTree = "<group>"; };
		8586A4EB2A06DC4A00A60CA2 /* GameModel.swift */ = {isa = PBXFileReference; lastKnownFileType = sourcecode.swift; path = GameModel.swift; sourceTree = "<group>"; };
/* End PBXFileReference section */

/* Begin PBXFrameworksBuildPhase section */
		8586A4BD2A05C84700A60CA2 /* Frameworks */ = {
			isa = PBXFrameworksBuildPhase;
			buildActionMask = 2147483647;
			files = (
			);
			runOnlyForDeploymentPostprocessing = 0;
		};
/* End PBXFrameworksBuildPhase section */

/* Begin PBXGroup section */
		8586A4B72A05C84700A60CA2 = {
			isa = PBXGroup;
			children = (
				8586A4C22A05C84700A60CA2 /* Tic-tac-toe-game */,
				8586A4C12A05C84700A60CA2 /* Products */,
			);
			sourceTree = "<group>";
		};
		8586A4C12A05C84700A60CA2 /* Products */ = {
			isa = PBXGroup;
			children = (
				8586A4C02A05C84700A60CA2 /* Tic-tac-toe-game.app */,
			);
			name = Products;
			sourceTree = "<group>";
		};
		8586A4C22A05C84700A60CA2 /* Tic-tac-toe-game */ = {
			isa = PBXGroup;
			children = (
				8586A4D72A05C88D00A60CA2 /* App */,
				8586A4ED2A06DC5000A60CA2 /* Models */,
				8586A4F02A098BE600A60CA2 /* Scenes */,
				8586A4EE2A06E29100A60CA2 /* Helpers */,
				8586A4D82A05C8BF00A60CA2 /* Resources */,
			);
			path = "Tic-tac-toe-game";
			sourceTree = "<group>";
		};
		8586A4D72A05C88D00A60CA2 /* App */ = {
			isa = PBXGroup;
			children = (
				8586A4C32A05C84700A60CA2 /* AppDelegate.swift */,
				8586A4C52A05C84700A60CA2 /* SceneDelegate.swift */,
			);
			path = App;
			sourceTree = "<group>";
		};
		8586A4D82A05C8BF00A60CA2 /* Resources */ = {
			isa = PBXGroup;
			children = (
				8586A4CC2A05C84900A60CA2 /* Assets.xcassets */,
				8586A4CE2A05C84900A60CA2 /* LaunchScreen.storyboard */,
				8586A4D12A05C84900A60CA2 /* Info.plist */,
			);
			path = Resources;
			sourceTree = "<group>";
		};
		8586A4DB2A05C92300A60CA2 /* WelcomeScreenModule */ = {
			isa = PBXGroup;
			children = (
				8586A4D92A05C91600A60CA2 /* WelcomeScreenController.swift */,
			);
			path = WelcomeScreenModule;
			sourceTree = "<group>";
		};
		8586A4DC2A05C93100A60CA2 /* GameScreenModule */ = {
			isa = PBXGroup;
			children = (
				8586A4C72A05C84700A60CA2 /* GameViewController.swift */,
				8586A4DF2A05CB2500A60CA2 /* GamePresenter.swift */,
				8586A4E12A05DE1400A60CA2 /* GameModuleBuilder.swift */,
				8586A4EF2A06E2A000A60CA2 /* Views */,
			);
			path = GameScreenModule;
			sourceTree = "<group>";
		};
		8586A4ED2A06DC5000A60CA2 /* Models */ = {
			isa = PBXGroup;
			children = (
				8586A4EB2A06DC4A00A60CA2 /* GameModel.swift */,
			);
			path = Models;
			sourceTree = "<group>";
		};
		8586A4EE2A06E29100A60CA2 /* Helpers */ = {
			isa = PBXGroup;
			children = (
				8586A4E72A067ABA00A60CA2 /* Constants.swift */,
			);
			path = Helpers;
			sourceTree = "<group>";
		};
		8586A4EF2A06E2A000A60CA2 /* Views */ = {
			isa = PBXGroup;
			children = (
				8586A4E92A067D1600A60CA2 /* GameCell.swift */,
			);
			path = Views;
			sourceTree = "<group>";
		};
		8586A4F02A098BE600A60CA2 /* Scenes */ = {
			isa = PBXGroup;
			children = (
				8586A4DB2A05C92300A60CA2 /* WelcomeScreenModule */,
				8586A4DC2A05C93100A60CA2 /* GameScreenModule */,
			);
			path = Scenes;
			sourceTree = "<group>";
		};
/* End PBXGroup section */

/* Begin PBXNativeTarget section */
		8586A4BF2A05C84700A60CA2 /* Tic-tac-toe-game */ = {
			isa = PBXNativeTarget;
			buildConfigurationList = 8586A4D42A05C84900A60CA2 /* Build configuration list for PBXNativeTarget "Tic-tac-toe-game" */;
			buildPhases = (
				8586A4BC2A05C84700A60CA2 /* Sources */,
				8586A4BD2A05C84700A60CA2 /* Frameworks */,
				8586A4BE2A05C84700A60CA2 /* Resources */,
			);
			buildRules = (
			);
			dependencies = (
			);
			name = "Tic-tac-toe-game";
			productName = "Tic-tac-toe-game";
			productReference = 8586A4C02A05C84700A60CA2 /* Tic-tac-toe-game.app */;
			productType = "com.apple.product-type.application";
		};
/* End PBXNativeTarget section */

/* Begin PBXProject section */
		8586A4B82A05C84700A60CA2 /* Project object */ = {
			isa = PBXProject;
			attributes = {
				BuildIndependentTargetsInParallel = 1;
				LastSwiftUpdateCheck = 1430;
				LastUpgradeCheck = 1430;
				TargetAttributes = {
					8586A4BF2A05C84700A60CA2 = {
						CreatedOnToolsVersion = 14.3;
					};
				};
			};
			buildConfigurationList = 8586A4BB2A05C84700A60CA2 /* Build configuration list for PBXProject "Tic-tac-toe-game" */;
			compatibilityVersion = "Xcode 14.0";
			developmentRegion = en;
			hasScannedForEncodings = 0;
			knownRegions = (
				en,
				Base,
			);
			mainGroup = 8586A4B72A05C84700A60CA2;
			productRefGroup = 8586A4C12A05C84700A60CA2 /* Products */;
			projectDirPath = "";
			projectRoot = "";
			targets = (
				8586A4BF2A05C84700A60CA2 /* Tic-tac-toe-game */,
			);
		};
/* End PBXProject section */

/* Begin PBXResourcesBuildPhase section */
		8586A4BE2A05C84700A60CA2 /* Resources */ = {
			isa = PBXResourcesBuildPhase;
			buildActionMask = 2147483647;
			files = (
				8586A4D02A05C84900A60CA2 /* LaunchScreen.storyboard in Resources */,
				8586A4CD2A05C84900A60CA2 /* Assets.xcassets in Resources */,
			);
			runOnlyForDeploymentPostprocessing = 0;
		};
/* End PBXResourcesBuildPhase section */

/* Begin PBXSourcesBuildPhase section */
		8586A4BC2A05C84700A60CA2 /* Sources */ = {
			isa = PBXSourcesBuildPhase;
			buildActionMask = 2147483647;
			files = (
				8586A4C82A05C84700A60CA2 /* GameViewController.swift in Sources */,
				8586A4C42A05C84700A60CA2 /* AppDelegate.swift in Sources */,
				8586A4C62A05C84700A60CA2 /* SceneDelegate.swift in Sources */,
				8586A4E02A05CB2500A60CA2 /* GamePresenter.swift in Sources */,
				8586A4EA2A067D1600A60CA2 /* GameCell.swift in Sources */,
				8586A4DA2A05C91600A60CA2 /* WelcomeScreenController.swift in Sources */,
				8586A4E22A05DE1400A60CA2 /* GameModuleBuilder.swift in Sources */,
				8586A4E82A067ABA00A60CA2 /* Constants.swift in Sources */,
				8586A4EC2A06DC4A00A60CA2 /* GameModel.swift in Sources */,
			);
			runOnlyForDeploymentPostprocessing = 0;
		};
/* End PBXSourcesBuildPhase section */

/* Begin PBXVariantGroup section */
		8586A4CE2A05C84900A60CA2 /* LaunchScreen.storyboard */ = {
			isa = PBXVariantGroup;
			children = (
				8586A4CF2A05C84900A60CA2 /* Base */,
			);
			name = LaunchScreen.storyboard;
			sourceTree = "<group>";
		};
/* End PBXVariantGroup section */

/* Begin XCBuildConfiguration section */
		8586A4D22A05C84900A60CA2 /* Debug */ = {
			isa = XCBuildConfiguration;
			buildSettings = {
				ALWAYS_SEARCH_USER_PATHS = NO;
				CLANG_ANALYZER_NONNULL = YES;
				CLANG_ANALYZER_NUMBER_OBJECT_CONVERSION = YES_AGGRESSIVE;
				CLANG_CXX_LANGUAGE_STANDARD = "gnu++20";
				CLANG_ENABLE_MODULES = YES;
				CLANG_ENABLE_OBJC_ARC = YES;
				CLANG_ENABLE_OBJC_WEAK = YES;
				CLANG_WARN_BLOCK_CAPTURE_AUTORELEASING = YES;
				CLANG_WARN_BOOL_CONVERSION = YES;
				CLANG_WARN_COMMA = YES;
				CLANG_WARN_CONSTANT_CONVERSION = YES;
				CLANG_WARN_DEPRECATED_OBJC_IMPLEMENTATIONS = YES;
				CLANG_WARN_DIRECT_OBJC_ISA_USAGE = YES_ERROR;
				CLANG_WARN_DOCUMENTATION_COMMENTS = YES;
				CLANG_WARN_EMPTY_BODY = YES;
				CLANG_WARN_ENUM_CONVERSION = YES;
				CLANG_WARN_INFINITE_RECURSION = YES;
				CLANG_WARN_INT_CONVERSION = YES;
				CLANG_WARN_NON_LITERAL_NULL_CONVERSION = YES;
				CLANG_WARN_OBJC_IMPLICIT_RETAIN_SELF = YES;
				CLANG_WARN_OBJC_LITERAL_CONVERSION = YES;
				CLANG_WARN_OBJC_ROOT_CLASS = YES_ERROR;
				CLANG_WARN_QUOTED_INCLUDE_IN_FRAMEWORK_HEADER = YES;
				CLANG_WARN_RANGE_LOOP_ANALYSIS = YES;
				CLANG_WARN_STRICT_PROTOTYPES = YES;
				CLANG_WARN_SUSPICIOUS_MOVE = YES;
				CLANG_WARN_UNGUARDED_AVAILABILITY = YES_AGGRESSIVE;
				CLANG_WARN_UNREACHABLE_CODE = YES;
				CLANG_WARN__DUPLICATE_METHOD_MATCH = YES;
				COPY_PHASE_STRIP = NO;
				DEBUG_INFORMATION_FORMAT = dwarf;
				ENABLE_STRICT_OBJC_MSGSEND = YES;
				ENABLE_TESTABILITY = YES;
				GCC_C_LANGUAGE_STANDARD = gnu11;
				GCC_DYNAMIC_NO_PIC = NO;
				GCC_NO_COMMON_BLOCKS = YES;
				GCC_OPTIMIZATION_LEVEL = 0;
				GCC_PREPROCESSOR_DEFINITIONS = (
					"DEBUG=1",
					"$(inherited)",
				);
				GCC_WARN_64_TO_32_BIT_CONVERSION = YES;
				GCC_WARN_ABOUT_RETURN_TYPE = YES_ERROR;
				GCC_WARN_UNDECLARED_SELECTOR = YES;
				GCC_WARN_UNINITIALIZED_AUTOS = YES_AGGRESSIVE;
				GCC_WARN_UNUSED_FUNCTION = YES;
				GCC_WARN_UNUSED_VARIABLE = YES;
				IPHONEOS_DEPLOYMENT_TARGET = 16.4;
				MTL_ENABLE_DEBUG_INFO = INCLUDE_SOURCE;
				MTL_FAST_MATH = YES;
				ONLY_ACTIVE_ARCH = YES;
				SDKROOT = iphoneos;
				SWIFT_ACTIVE_COMPILATION_CONDITIONS = DEBUG;
				SWIFT_OPTIMIZATION_LEVEL = "-Onone";
			};
			name = Debug;
		};
		8586A4D32A05C84900A60CA2 /* Release */ = {
			isa = XCBuildConfiguration;
			buildSettings = {
				ALWAYS_SEARCH_USER_PATHS = NO;
				CLANG_ANALYZER_NONNULL = YES;
				CLANG_ANALYZER_NUMBER_OBJECT_CONVERSION = YES_AGGRESSIVE;
				CLANG_CXX_LANGUAGE_STANDARD = "gnu++20";
				CLANG_ENABLE_MODULES = YES;
				CLANG_ENABLE_OBJC_ARC = YES;
				CLANG_ENABLE_OBJC_WEAK = YES;
				CLANG_WARN_BLOCK_CAPTURE_AUTORELEASING = YES;
				CLANG_WARN_BOOL_CONVERSION = YES;
				CLANG_WARN_COMMA = YES;
				CLANG_WARN_CONSTANT_CONVERSION = YES;
				CLANG_WARN_DEPRECATED_OBJC_IMPLEMENTATIONS = YES;
				CLANG_WARN_DIRECT_OBJC_ISA_USAGE = YES_ERROR;
				CLANG_WARN_DOCUMENTATION_COMMENTS = YES;
				CLANG_WARN_EMPTY_BODY = YES;
				CLANG_WARN_ENUM_CONVERSION = YES;
				CLANG_WARN_INFINITE_RECURSION = YES;
				CLANG_WARN_INT_CONVERSION = YES;
				CLANG_WARN_NON_LITERAL_NULL_CONVERSION = YES;
				CLANG_WARN_OBJC_IMPLICIT_RETAIN_SELF = YES;
				CLANG_WARN_OBJC_LITERAL_CONVERSION = YES;
				CLANG_WARN_OBJC_ROOT_CLASS = YES_ERROR;
				CLANG_WARN_QUOTED_INCLUDE_IN_FRAMEWORK_HEADER = YES;
				CLANG_WARN_RANGE_LOOP_ANALYSIS = YES;
				CLANG_WARN_STRICT_PROTOTYPES = YES;
				CLANG_WARN_SUSPICIOUS_MOVE = YES;
				CLANG_WARN_UNGUARDED_AVAILABILITY = YES_AGGRESSIVE;
				CLANG_WARN_UNREACHABLE_CODE = YES;
				CLANG_WARN__DUPLICATE_METHOD_MATCH = YES;
				COPY_PHASE_STRIP = NO;
				DEBUG_INFORMATION_FORMAT = "dwarf-with-dsym";
				ENABLE_NS_ASSERTIONS = NO;
				ENABLE_STRICT_OBJC_MSGSEND = YES;
				GCC_C_LANGUAGE_STANDARD = gnu11;
				GCC_NO_COMMON_BLOCKS = YES;
				GCC_WARN_64_TO_32_BIT_CONVERSION = YES;
				GCC_WARN_ABOUT_RETURN_TYPE = YES_ERROR;
				GCC_WARN_UNDECLARED_SELECTOR = YES;
				GCC_WARN_UNINITIALIZED_AUTOS = YES_AGGRESSIVE;
				GCC_WARN_UNUSED_FUNCTION = YES;
				GCC_WARN_UNUSED_VARIABLE = YES;
				IPHONEOS_DEPLOYMENT_TARGET = 16.4;
				MTL_ENABLE_DEBUG_INFO = NO;
				MTL_FAST_MATH = YES;
				SDKROOT = iphoneos;
				SWIFT_COMPILATION_MODE = wholemodule;
				SWIFT_OPTIMIZATION_LEVEL = "-O";
				VALIDATE_PRODUCT = YES;
			};
			name = Release;
		};
		8586A4D52A05C84900A60CA2 /* Debug */ = {
			isa = XCBuildConfiguration;
			buildSettings = {
				ASSETCATALOG_COMPILER_APPICON_NAME = AppIcon;
				ASSETCATALOG_COMPILER_GLOBAL_ACCENT_COLOR_NAME = AccentColor;
				CODE_SIGN_STYLE = Automatic;
				CURRENT_PROJECT_VERSION = 1;
				DEVELOPMENT_TEAM = 4DHB28A3AA;
				GENERATE_INFOPLIST_FILE = YES;
				INFOPLIST_FILE = "Tic-tac-toe-game/Resources/Info.plist";
				INFOPLIST_KEY_UIApplicationSupportsIndirectInputEvents = YES;
				INFOPLIST_KEY_UILaunchStoryboardName = LaunchScreen;
				INFOPLIST_KEY_UISupportedInterfaceOrientations = UIInterfaceOrientationPortrait;
				LD_RUNPATH_SEARCH_PATHS = (
					"$(inherited)",
					"@executable_path/Frameworks",
				);
				MARKETING_VERSION = 1.0;
				PRODUCT_BUNDLE_IDENTIFIER = "KseniaKobak.Tic-tac-toe-game";
				PRODUCT_NAME = "$(TARGET_NAME)";
				SWIFT_EMIT_LOC_STRINGS = YES;
				SWIFT_VERSION = 5.0;
				TARGETED_DEVICE_FAMILY = "1,2";
			};
			name = Debug;
		};
		8586A4D62A05C84900A60CA2 /* Release */ = {
			isa = XCBuildConfiguration;
			buildSettings = {
				ASSETCATALOG_COMPILER_APPICON_NAME = AppIcon;
				ASSETCATALOG_COMPILER_GLOBAL_ACCENT_COLOR_NAME = AccentColor;
				CODE_SIGN_STYLE = Automatic;
				CURRENT_PROJECT_VERSION = 1;
				DEVELOPMENT_TEAM = 4DHB28A3AA;
				GENERATE_INFOPLIST_FILE = YES;
				INFOPLIST_FILE = "Tic-tac-toe-game/Resources/Info.plist";
				INFOPLIST_KEY_UIApplicationSupportsIndirectInputEvents = YES;
				INFOPLIST_KEY_UILaunchStoryboardName = LaunchScreen;
				INFOPLIST_KEY_UISupportedInterfaceOrientations = UIInterfaceOrientationPortrait;
				LD_RUNPATH_SEARCH_PATHS = (
					"$(inherited)",
					"@executable_path/Frameworks",
				);
				MARKETING_VERSION = 1.0;
				PRODUCT_BUNDLE_IDENTIFIER = "KseniaKobak.Tic-tac-toe-game";
				PRODUCT_NAME = "$(TARGET_NAME)";
				SWIFT_EMIT_LOC_STRINGS = YES;
				SWIFT_VERSION = 5.0;
				TARGETED_DEVICE_FAMILY = "1,2";
			};
			name = Release;
		};
/* End XCBuildConfiguration section */

/* Begin XCConfigurationList section */
		8586A4BB2A05C84700A60CA2 /* Build configuration list for PBXProject "Tic-tac-toe-game" */ = {
			isa = XCConfigurationList;
			buildConfigurations = (
				8586A4D22A05C84900A60CA2 /* Debug */,
				8586A4D32A05C84900A60CA2 /* Release */,
			);
			defaultConfigurationIsVisible = 0;
			defaultConfigurationName = Release;
		};
		8586A4D42A05C84900A60CA2 /* Build configuration list for PBXNativeTarget "Tic-tac-toe-game" */ = {
			isa = XCConfigurationList;
			buildConfigurations = (
				8586A4D52A05C84900A60CA2 /* Debug */,
				8586A4D62A05C84900A60CA2 /* Release */,
			);
			defaultConfigurationIsVisible = 0;
			defaultConfigurationName = Release;
		};
/* End XCConfigurationList section */
	};
	rootObject = 8586A4B82A05C84700A60CA2 /* Project object */;
}
